lockfileVersion: '9.0'

settings:
  autoInstallPeers: true
  excludeLinksFromLockfile: false

importers:

  .:
    dependencies:
      tify:
        specifier: 0.35.0
        version: 0.35.0
    devDependencies:
      '@playwright/test':
        specifier: 1.63.0
        version: 1.63.0

packages:

  '@playwright/test@1.63.0':
    resolution: {integrity: sha512-oxMK4vllB9RK5NQ2l1pq1IfOf2AvnEuj/vYGDj0H2nMtmtZpKtCwt/l00GEO6xjGfpBNAvjovvYdCm50dRQkpQ==}
    engines: {node: '>=20'}
    hasBin: true

  playwright-core@1.63.0:
    resolution: {integrity: sha512-rYCsBF/M5HjUch52bbtVONEFjv6Xu8sm8h72dNlR5bzIE1fvC/bxgspzkjSfU+MweEMmPM8KJebG6nnyxo5mCg==}
    engines: {node: '>=20'}
    hasBin: true

  playwright@1.63.0:
    resolution: {integrity: sha512-+7ziBLidS4NaNCdt57SUDT+wYmmd5fmiQejUic/kb+YsYSCPyOOE9sebzMjNmQrsnNpDJqd4WHvV/8lfKfUDUg==}
    engines: {node: '>=20'}
    hasBin: true

  tify@0.35.0:
    resolution: {integrity: sha512-fIEtR4XMoqIif+ksLaxWLjZb4yBsYddfKzr/nRnK0QSj455sf6DuYYaFL4YW0ZSZq9Oy8w4N7G7WjRaTcy+eAg==}
    engines: {node: '>= 20', npm: '>= 9'}

snapshots:

  '@playwright/test@1.63.0':
    dependencies:
      playwright: 1.63.0

  playwright-core@1.63.0: {}

  playwright@1.63.0:
    dependencies:
      playwright-core: 1.63.0

  tify@0.35.0: {}
